{
  "name": "ajs-2",
  "version": "1.0.0",
  "lockfileVersion": 3,
  "requires": true,
  "packages": {
    "": {
      "name": "ajs-2",
      "version": "1.0.0",
      "license": "ISC",
      "dependencies": {
        "@landyshlana/ajs": "^1.0.0"
      }
    },
    "node_modules/@landyshlana/ajs": {
      "version": "1.0.0",
      "resolved": "https://npm.pkg.github.com/download/@landyshlana/ajs/1.0.0/3519c864ca978b6115fda93da560b7c0f9e3a362",
      "integrity": "sha512-Y6u+Vv0tmzAPKU63a6vrVkhnxlWEWdU+dTJ9oxRnmwxlbmQY8cTS0OQcnWNEssjyGY1TxxKGmNhx+6fhjo13fA==",
      "license": "ISC"
    }
  }
}
